{
  "object": {
    "pins": [
      {
        "package": "FBSnapshotTestCase",
        "repositoryURL": "https://github.com/mediamonks/ios-snapshot-test-case",
        "state": {
          "branch": null,
          "revision": "061f4d00cdc03e9a093f70c4d3a4adbc76fec711",
          "version": "2.2.0"
        }
      },
      {
        "package": "MMMCommonCore",
        "repositoryURL": "https://github.com/mediamonks/MMMCommonCore",
        "state": {
          "branch": null,
          "revision": "e00a2f92c1fbf9e94df674eb87f8d9899618a42a",
          "version": "1.8.1"
        }
      },
      {
        "package": "MMMLoadable",
        "repositoryURL": "https://github.com/mediamonks/MMMLoadable",
        "state": {
          "branch": null,
          "revision": "642d1009ca446fb79b27dd1daaf26adaa4a5d9de",
          "version": "1.6.3"
        }
      },
      {
        "package": "MMMLog",
        "repositoryURL": "https://github.com/mediamonks/MMMLog",
        "state": {
          "branch": null,
          "revision": "74dd34c10334216c0e1a8da062b1d0c6cda658ff",
          "version": "1.3.1"
        }
      },
      {
        "package": "MMMObservables",
        "repositoryURL": "https://github.com/mediamonks/MMMObservables",
        "state": {
          "branch": null,
          "revision": "2d0673911a397c9074ba380ace542b95d1ab42c1",
          "version": "1.4.1"
        }
      }
    ]
  },
  "version": 1
}
